
Microsoft Visual Studio Solution File, Format Version 12.00
# Visual Studio 15
VisualStudioVersion = 15.0.26430.16
MinimumVisualStudioVersion = 10.0.40219.1
Project("{8BC9CEB8-8B4A-11D0-8D11-00A0C91BC942}") = "Debugging", "Shared\Debugging\Debugging.vcxproj", "{AD347424-7340-47CE-A979-2C7F2DF0EB38}"
EndProject
Project("{8BC9CEB8-8B4A-11D0-8D11-00A0C91BC942}") = "Graphics", "Shared\Graphics\Graphics.vcxproj", "{39CD08AE-9700-49CF-8616-18C20644416F}"
EndProject
Project("{8BC9CEB8-8B4A-11D0-8D11-00A0C91BC942}") = "HoloLensForCV", "Shared\HoloLensForCV\HoloLensForCV.vcxproj", "{208C932D-A71E-4C67-A444-0697E9A4226E}"
EndProject
Project("{8BC9CEB8-8B4A-11D0-8D11-00A0C91BC942}") = "OpenCVHelpers", "Shared\OpenCVHelpers\OpenCVHelpers.vcxproj", "{940A6D80-0775-4272-84C9-1585C4757071}"
EndProject
Project("{2150E333-8FDC-42A3-9474-1A3956D46DE8}") = "Tools", "Tools", "{0A073483-1C56-4616-9683-2E10CAFC7349}"
EndProject
Project("{2150E333-8FDC-42A3-9474-1A3956D46DE8}") = "Samples", "Samples", "{BF93CF08-8CA4-42FD-85C5-1848345189D9}"
EndProject
Project("{8BC9CEB8-8B4A-11D0-8D11-00A0C91BC942}") = "ComputeOnDevice", "Samples\ComputeOnDevice\ComputeOnDevice.vcxproj", "{CF168211-03A8-419E-840B-3E6BF6688FD9}"
EndProject
Project("{8BC9CEB8-8B4A-11D0-8D11-00A0C91BC942}") = "StreamerPV", "Tools\StreamerPV\StreamerPV.vcxproj", "{477E0656-4A58-44B8-AACF-909E925FF21F}"
EndProject
Project("{8BC9CEB8-8B4A-11D0-8D11-00A0C91BC942}") = "StreamerVLC", "Tools\StreamerVLC\StreamerVLC.vcxproj", "{DB17360F-8412-418A-8919-250441BCC43F}"
EndProject
Project("{8BC9CEB8-8B4A-11D0-8D11-00A0C91BC942}") = "Recorder", "Tools\Recorder\Recorder.vcxproj", "{A08C66C8-88B3-45F4-8643-27939BC248ED}"
EndProject
Project("{FAE04EC0-301F-11D3-BF4B-00C04F79EFBC}") = "ReceiverPV", "Tools\ReceiverPV\ReceiverPV.csproj", "{898B7ED1-3194-463A-8B9C-D4A2460909EE}"
EndProject
Project("{FAE04EC0-301F-11D3-BF4B-00C04F79EFBC}") = "ReceiverVLC", "Tools\ReceiverVLC\ReceiverVLC.csproj", "{B6EB593C-8396-4152-BE49-5C5AFCD74603}"
EndProject
Project("{8BC9CEB8-8B4A-11D0-8D11-00A0C91BC942}") = "ComputeOnDesktop", "Samples\ComputeOnDesktop\ComputeOnDesktop.vcxproj", "{75FBEFAA-5523-47E5-B8EC-6CBCCD9A26DC}"
EndProject
Project("{8BC9CEB8-8B4A-11D0-8D11-00A0C91BC942}") = "Holographic", "Shared\Holographic\Holographic.vcxproj", "{A1F9E48F-49E3-4F8C-AC48-2EFDBED4B873}"
EndProject
Project("{2150E333-8FDC-42A3-9474-1A3956D46DE8}") = "Shared", "Shared", "{F04365BC-D53C-42CF-AD23-32813A00816E}"
EndProject
Project("{8BC9CEB8-8B4A-11D0-8D11-00A0C91BC942}") = "Audio", "Shared\Audio\Audio.vcxproj", "{08CB6A04-0ACC-4C20-81CE-10417D888D1C}"
EndProject
Project("{8BC9CEB8-8B4A-11D0-8D11-00A0C91BC942}") = "Io", "Shared\Io\Io.vcxproj", "{6E542043-C5D1-4850-B43E-E9295B640C2B}"
EndProject
Project("{8BC9CEB8-8B4A-11D0-8D11-00A0C91BC942}") = "BatchProcessing", "Samples\BatchProcessing\BatchProcessing.vcxproj", "{AA2E727F-AF3D-4A9B-A24A-E4424E179B7E}"
EndProject
Project("{8BC9CEB8-8B4A-11D0-8D11-00A0C91BC942}") = "Rendering", "Shared\Rendering\Rendering.vcxproj", "{421BB462-74F2-4831-9AB7-06B77E0A98B4}"
EndProject
Project("{2150E333-8FDC-42A3-9474-1A3956D46DE8}") = "Solution Items", "Solution Items", "{5E7589C7-F8E1-42B6-8CEC-BE7524359329}"
	ProjectSection(SolutionItems) = preProject
		README.md = README.md
	EndProjectSection
EndProject
Project("{8BC9CEB8-8B4A-11D0-8D11-00A0C91BC942}") = "ArUcoMarkerTracker", "Samples\ArUcoMarkerTracker\ArUcoMarkerTracker.vcxproj", "{8D84A8AE-BD70-4F78-B85A-230A033FB7EC}"
EndProject
Project("{8BC9CEB8-8B4A-11D0-8D11-00A0C91BC942}") = "SensorStreamViewer", "Samples\SensorStreamViewer\SensorStreamViewer.vcxproj", "{E71542FD-E5F3-55BC-8EBB-4FFC708277CD}"
EndProject
Project("{8BC9CEB8-8B4A-11D0-8D11-00A0C91BC942}") = "UnityArUcoMarkerDetectorPlugin", "Samples\UnityArUcoMarkerDetectorPlugin\UnityArUcoMarkerDetectorPlugin.vcxproj", "{FAD06AC4-2A83-48B8-B8CC-34D728DDAECE}"
EndProject
Global
	GlobalSection(SolutionConfigurationPlatforms) = preSolution
		Debug|ARM = Debug|ARM
		Debug|x64 = Debug|x64
		Debug|x86 = Debug|x86
		Release|ARM = Release|ARM
		Release|x64 = Release|x64
		Release|x86 = Release|x86
	EndGlobalSection
	GlobalSection(ProjectConfigurationPlatforms) = postSolution
		{AD347424-7340-47CE-A979-2C7F2DF0EB38}.Debug|ARM.ActiveCfg = Debug|ARM
		{AD347424-7340-47CE-A979-2C7F2DF0EB38}.Debug|ARM.Build.0 = Debug|ARM
		{AD347424-7340-47CE-A979-2C7F2DF0EB38}.Debug|x64.ActiveCfg = Debug|x64
		{AD347424-7340-47CE-A979-2C7F2DF0EB38}.Debug|x64.Build.0 = Debug|x64
		{AD347424-7340-47CE-A979-2C7F2DF0EB38}.Debug|x86.ActiveCfg = Debug|Win32
		{AD347424-7340-47CE-A979-2C7F2DF0EB38}.Debug|x86.Build.0 = Debug|Win32
		{AD347424-7340-47CE-A979-2C7F2DF0EB38}.Release|ARM.ActiveCfg = Release|ARM
		{AD347424-7340-47CE-A979-2C7F2DF0EB38}.Release|ARM.Build.0 = Release|ARM
		{AD347424-7340-47CE-A979-2C7F2DF0EB38}.Release|x64.ActiveCfg = Release|x64
		{AD347424-7340-47CE-A979-2C7F2DF0EB38}.Release|x64.Build.0 = Release|x64
		{AD347424-7340-47CE-A979-2C7F2DF0EB38}.Release|x86.ActiveCfg = Release|Win32
		{AD347424-7340-47CE-A979-2C7F2DF0EB38}.Release|x86.Build.0 = Release|Win32
		{39CD08AE-9700-49CF-8616-18C20644416F}.Debug|ARM.ActiveCfg = Debug|ARM
		{39CD08AE-9700-49CF-8616-18C20644416F}.Debug|ARM.Build.0 = Debug|ARM
		{39CD08AE-9700-49CF-8616-18C20644416F}.Debug|x64.ActiveCfg = Debug|x64
		{39CD08AE-9700-49CF-8616-18C20644416F}.Debug|x64.Build.0 = Debug|x64
		{39CD08AE-9700-49CF-8616-18C20644416F}.Debug|x86.ActiveCfg = Debug|Win32
		{39CD08AE-9700-49CF-8616-18C20644416F}.Debug|x86.Build.0 = Debug|Win32
		{39CD08AE-9700-49CF-8616-18C20644416F}.Release|ARM.ActiveCfg = Release|ARM
		{39CD08AE-9700-49CF-8616-18C20644416F}.Release|ARM.Build.0 = Release|ARM
		{39CD08AE-9700-49CF-8616-18C20644416F}.Release|x64.ActiveCfg = Release|x64
		{39CD08AE-9700-49CF-8616-18C20644416F}.Release|x64.Build.0 = Release|x64
		{39CD08AE-9700-49CF-8616-18C20644416F}.Release|x86.ActiveCfg = Release|Win32
		{39CD08AE-9700-49CF-8616-18C20644416F}.Release|x86.Build.0 = Release|Win32
		{208C932D-A71E-4C67-A444-0697E9A4226E}.Debug|ARM.ActiveCfg = Debug|ARM
		{208C932D-A71E-4C67-A444-0697E9A4226E}.Debug|ARM.Build.0 = Debug|ARM
		{208C932D-A71E-4C67-A444-0697E9A4226E}.Debug|x64.ActiveCfg = Debug|x64
		{208C932D-A71E-4C67-A444-0697E9A4226E}.Debug|x64.Build.0 = Debug|x64
		{208C932D-A71E-4C67-A444-0697E9A4226E}.Debug|x86.ActiveCfg = Debug|Win32
		{208C932D-A71E-4C67-A444-0697E9A4226E}.Debug|x86.Build.0 = Debug|Win32
		{208C932D-A71E-4C67-A444-0697E9A4226E}.Release|ARM.ActiveCfg = Release|ARM
		{208C932D-A71E-4C67-A444-0697E9A4226E}.Release|ARM.Build.0 = Release|ARM
		{208C932D-A71E-4C67-A444-0697E9A4226E}.Release|x64.ActiveCfg = Release|x64
		{208C932D-A71E-4C67-A444-0697E9A4226E}.Release|x64.Build.0 = Release|x64
		{208C932D-A71E-4C67-A444-0697E9A4226E}.Release|x86.ActiveCfg = Release|Win32
		{208C932D-A71E-4C67-A444-0697E9A4226E}.Release|x86.Build.0 = Release|Win32
		{940A6D80-0775-4272-84C9-1585C4757071}.Debug|ARM.ActiveCfg = Debug|ARM
		{940A6D80-0775-4272-84C9-1585C4757071}.Debug|ARM.Build.0 = Debug|ARM
		{940A6D80-0775-4272-84C9-1585C4757071}.Debug|x64.ActiveCfg = Debug|x64
		{940A6D80-0775-4272-84C9-1585C4757071}.Debug|x64.Build.0 = Debug|x64
		{940A6D80-0775-4272-84C9-1585C4757071}.Debug|x86.ActiveCfg = Debug|Win32
		{940A6D80-0775-4272-84C9-1585C4757071}.Debug|x86.Build.0 = Debug|Win32
		{940A6D80-0775-4272-84C9-1585C4757071}.Release|ARM.ActiveCfg = Release|ARM
		{940A6D80-0775-4272-84C9-1585C4757071}.Release|ARM.Build.0 = Release|ARM
		{940A6D80-0775-4272-84C9-1585C4757071}.Release|x64.ActiveCfg = Release|x64
		{940A6D80-0775-4272-84C9-1585C4757071}.Release|x64.Build.0 = Release|x64
		{940A6D80-0775-4272-84C9-1585C4757071}.Release|x86.ActiveCfg = Release|Win32
		{940A6D80-0775-4272-84C9-1585C4757071}.Release|x86.Build.0 = Release|Win32
		{CF168211-03A8-419E-840B-3E6BF6688FD9}.Debug|ARM.ActiveCfg = Debug|Win32
		{CF168211-03A8-419E-840B-3E6BF6688FD9}.Debug|x64.ActiveCfg = Debug|Win32
		{CF168211-03A8-419E-840B-3E6BF6688FD9}.Debug|x86.ActiveCfg = Debug|Win32
		{CF168211-03A8-419E-840B-3E6BF6688FD9}.Debug|x86.Build.0 = Debug|Win32
		{CF168211-03A8-419E-840B-3E6BF6688FD9}.Debug|x86.Deploy.0 = Debug|Win32
		{CF168211-03A8-419E-840B-3E6BF6688FD9}.Release|ARM.ActiveCfg = Release|Win32
		{CF168211-03A8-419E-840B-3E6BF6688FD9}.Release|x64.ActiveCfg = Release|Win32
		{CF168211-03A8-419E-840B-3E6BF6688FD9}.Release|x86.ActiveCfg = Release|Win32
		{CF168211-03A8-419E-840B-3E6BF6688FD9}.Release|x86.Build.0 = Release|Win32
		{CF168211-03A8-419E-840B-3E6BF6688FD9}.Release|x86.Deploy.0 = Release|Win32
		{477E0656-4A58-44B8-AACF-909E925FF21F}.Debug|ARM.ActiveCfg = Debug|Win32
		{477E0656-4A58-44B8-AACF-909E925FF21F}.Debug|x64.ActiveCfg = Debug|Win32
		{477E0656-4A58-44B8-AACF-909E925FF21F}.Debug|x86.ActiveCfg = Debug|Win32
		{477E0656-4A58-44B8-AACF-909E925FF21F}.Debug|x86.Build.0 = Debug|Win32
		{477E0656-4A58-44B8-AACF-909E925FF21F}.Debug|x86.Deploy.0 = Debug|Win32
		{477E0656-4A58-44B8-AACF-909E925FF21F}.Release|ARM.ActiveCfg = Release|Win32
		{477E0656-4A58-44B8-AACF-909E925FF21F}.Release|x64.ActiveCfg = Release|Win32
		{477E0656-4A58-44B8-AACF-909E925FF21F}.Release|x86.ActiveCfg = Release|Win32
		{477E0656-4A58-44B8-AACF-909E925FF21F}.Release|x86.Build.0 = Release|Win32
		{477E0656-4A58-44B8-AACF-909E925FF21F}.Release|x86.Deploy.0 = Release|Win32
		{DB17360F-8412-418A-8919-250441BCC43F}.Debug|ARM.ActiveCfg = Debug|Win32
		{DB17360F-8412-418A-8919-250441BCC43F}.Debug|x64.ActiveCfg = Debug|Win32
		{DB17360F-8412-418A-8919-250441BCC43F}.Debug|x86.ActiveCfg = Debug|Win32
		{DB17360F-8412-418A-8919-250441BCC43F}.Debug|x86.Build.0 = Debug|Win32
		{DB17360F-8412-418A-8919-250441BCC43F}.Debug|x86.Deploy.0 = Debug|Win32
		{DB17360F-8412-418A-8919-250441BCC43F}.Release|ARM.ActiveCfg = Release|Win32
		{DB17360F-8412-418A-8919-250441BCC43F}.Release|x64.ActiveCfg = Release|Win32
		{DB17360F-8412-418A-8919-250441BCC43F}.Release|x86.ActiveCfg = Release|Win32
		{DB17360F-8412-418A-8919-250441BCC43F}.Release|x86.Build.0 = Release|Win32
		{DB17360F-8412-418A-8919-250441BCC43F}.Release|x86.Deploy.0 = Release|Win32
		{A08C66C8-88B3-45F4-8643-27939BC248ED}.Debug|ARM.ActiveCfg = Debug|Win32
		{A08C66C8-88B3-45F4-8643-27939BC248ED}.Debug|x64.ActiveCfg = Debug|Win32
		{A08C66C8-88B3-45F4-8643-27939BC248ED}.Debug|x86.ActiveCfg = Debug|Win32
		{A08C66C8-88B3-45F4-8643-27939BC248ED}.Debug|x86.Build.0 = Debug|Win32
		{A08C66C8-88B3-45F4-8643-27939BC248ED}.Debug|x86.Deploy.0 = Debug|Win32
		{A08C66C8-88B3-45F4-8643-27939BC248ED}.Release|ARM.ActiveCfg = Release|Win32
		{A08C66C8-88B3-45F4-8643-27939BC248ED}.Release|x64.ActiveCfg = Release|Win32
		{A08C66C8-88B3-45F4-8643-27939BC248ED}.Release|x86.ActiveCfg = Release|Win32
		{A08C66C8-88B3-45F4-8643-27939BC248ED}.Release|x86.Build.0 = Release|Win32
		{A08C66C8-88B3-45F4-8643-27939BC248ED}.Release|x86.Deploy.0 = Release|Win32
		{898B7ED1-3194-463A-8B9C-D4A2460909EE}.Debug|ARM.ActiveCfg = Debug|ARM
		{898B7ED1-3194-463A-8B9C-D4A2460909EE}.Debug|ARM.Build.0 = Debug|ARM
		{898B7ED1-3194-463A-8B9C-D4A2460909EE}.Debug|ARM.Deploy.0 = Debug|ARM
		{898B7ED1-3194-463A-8B9C-D4A2460909EE}.Debug|x64.ActiveCfg = Debug|x64
		{898B7ED1-3194-463A-8B9C-D4A2460909EE}.Debug|x64.Build.0 = Debug|x64
		{898B7ED1-3194-463A-8B9C-D4A2460909EE}.Debug|x64.Deploy.0 = Debug|x64
		{898B7ED1-3194-463A-8B9C-D4A2460909EE}.Debug|x86.ActiveCfg = Debug|x86
		{898B7ED1-3194-463A-8B9C-D4A2460909EE}.Debug|x86.Build.0 = Debug|x86
		{898B7ED1-3194-463A-8B9C-D4A2460909EE}.Debug|x86.Deploy.0 = Debug|x86
		{898B7ED1-3194-463A-8B9C-D4A2460909EE}.Release|ARM.ActiveCfg = Release|ARM
		{898B7ED1-3194-463A-8B9C-D4A2460909EE}.Release|ARM.Build.0 = Release|ARM
		{898B7ED1-3194-463A-8B9C-D4A2460909EE}.Release|ARM.Deploy.0 = Release|ARM
		{898B7ED1-3194-463A-8B9C-D4A2460909EE}.Release|x64.ActiveCfg = Release|x64
		{898B7ED1-3194-463A-8B9C-D4A2460909EE}.Release|x64.Build.0 = Release|x64
		{898B7ED1-3194-463A-8B9C-D4A2460909EE}.Release|x64.Deploy.0 = Release|x64
		{898B7ED1-3194-463A-8B9C-D4A2460909EE}.Release|x86.ActiveCfg = Release|x86
		{898B7ED1-3194-463A-8B9C-D4A2460909EE}.Release|x86.Build.0 = Release|x86
		{898B7ED1-3194-463A-8B9C-D4A2460909EE}.Release|x86.Deploy.0 = Release|x86
		{B6EB593C-8396-4152-BE49-5C5AFCD74603}.Debug|ARM.ActiveCfg = Debug|ARM
		{B6EB593C-8396-4152-BE49-5C5AFCD74603}.Debug|ARM.Build.0 = Debug|ARM
		{B6EB593C-8396-4152-BE49-5C5AFCD74603}.Debug|ARM.Deploy.0 = Debug|ARM
		{B6EB593C-8396-4152-BE49-5C5AFCD74603}.Debug|x64.ActiveCfg = Debug|x64
		{B6EB593C-8396-4152-BE49-5C5AFCD74603}.Debug|x64.Build.0 = Debug|x64
		{B6EB593C-8396-4152-BE49-5C5AFCD74603}.Debug|x64.Deploy.0 = Debug|x64
		{B6EB593C-8396-4152-BE49-5C5AFCD74603}.Debug|x86.ActiveCfg = Debug|x86
		{B6EB593C-8396-4152-BE49-5C5AFCD74603}.Debug|x86.Build.0 = Debug|x86
		{B6EB593C-8396-4152-BE49-5C5AFCD74603}.Debug|x86.Deploy.0 = Debug|x86
		{B6EB593C-8396-4152-BE49-5C5AFCD74603}.Release|ARM.ActiveCfg = Release|ARM
		{B6EB593C-8396-4152-BE49-5C5AFCD74603}.Release|ARM.Build.0 = Release|ARM
		{B6EB593C-8396-4152-BE49-5C5AFCD74603}.Release|ARM.Deploy.0 = Release|ARM
		{B6EB593C-8396-4152-BE49-5C5AFCD74603}.Release|x64.ActiveCfg = Release|x64
		{B6EB593C-8396-4152-BE49-5C5AFCD74603}.Release|x64.Build.0 = Release|x64
		{B6EB593C-8396-4152-BE49-5C5AFCD74603}.Release|x64.Deploy.0 = Release|x64
		{B6EB593C-8396-4152-BE49-5C5AFCD74603}.Release|x86.ActiveCfg = Release|x86
		{B6EB593C-8396-4152-BE49-5C5AFCD74603}.Release|x86.Build.0 = Release|x86
		{B6EB593C-8396-4152-BE49-5C5AFCD74603}.Release|x86.Deploy.0 = Release|x86
		{75FBEFAA-5523-47E5-B8EC-6CBCCD9A26DC}.Debug|ARM.ActiveCfg = Debug|ARM
		{75FBEFAA-5523-47E5-B8EC-6CBCCD9A26DC}.Debug|ARM.Build.0 = Debug|ARM
		{75FBEFAA-5523-47E5-B8EC-6CBCCD9A26DC}.Debug|ARM.Deploy.0 = Debug|ARM
		{75FBEFAA-5523-47E5-B8EC-6CBCCD9A26DC}.Debug|x64.ActiveCfg = Debug|x64
		{75FBEFAA-5523-47E5-B8EC-6CBCCD9A26DC}.Debug|x64.Build.0 = Debug|x64
		{75FBEFAA-5523-47E5-B8EC-6CBCCD9A26DC}.Debug|x64.Deploy.0 = Debug|x64
		{75FBEFAA-5523-47E5-B8EC-6CBCCD9A26DC}.Debug|x86.ActiveCfg = Debug|Win32
		{75FBEFAA-5523-47E5-B8EC-6CBCCD9A26DC}.Debug|x86.Build.0 = Debug|Win32
		{75FBEFAA-5523-47E5-B8EC-6CBCCD9A26DC}.Debug|x86.Deploy.0 = Debug|Win32
		{75FBEFAA-5523-47E5-B8EC-6CBCCD9A26DC}.Release|ARM.ActiveCfg = Release|ARM
		{75FBEFAA-5523-47E5-B8EC-6CBCCD9A26DC}.Release|ARM.Build.0 = Release|ARM
		{75FBEFAA-5523-47E5-B8EC-6CBCCD9A26DC}.Release|ARM.Deploy.0 = Release|ARM
		{75FBEFAA-5523-47E5-B8EC-6CBCCD9A26DC}.Release|x64.ActiveCfg = Release|x64
		{75FBEFAA-5523-47E5-B8EC-6CBCCD9A26DC}.Release|x64.Build.0 = Release|x64
		{75FBEFAA-5523-47E5-B8EC-6CBCCD9A26DC}.Release|x64.Deploy.0 = Release|x64
		{75FBEFAA-5523-47E5-B8EC-6CBCCD9A26DC}.Release|x86.ActiveCfg = Release|Win32
		{75FBEFAA-5523-47E5-B8EC-6CBCCD9A26DC}.Release|x86.Build.0 = Release|Win32
		{75FBEFAA-5523-47E5-B8EC-6CBCCD9A26DC}.Release|x86.Deploy.0 = Release|Win32
		{A1F9E48F-49E3-4F8C-AC48-2EFDBED4B873}.Debug|ARM.ActiveCfg = Debug|ARM
		{A1F9E48F-49E3-4F8C-AC48-2EFDBED4B873}.Debug|ARM.Build.0 = Debug|ARM
		{A1F9E48F-49E3-4F8C-AC48-2EFDBED4B873}.Debug|x64.ActiveCfg = Debug|x64
		{A1F9E48F-49E3-4F8C-AC48-2EFDBED4B873}.Debug|x64.Build.0 = Debug|x64
		{A1F9E48F-49E3-4F8C-AC48-2EFDBED4B873}.Debug|x86.ActiveCfg = Debug|Win32
		{A1F9E48F-49E3-4F8C-AC48-2EFDBED4B873}.Debug|x86.Build.0 = Debug|Win32
		{A1F9E48F-49E3-4F8C-AC48-2EFDBED4B873}.Release|ARM.ActiveCfg = Release|ARM
		{A1F9E48F-49E3-4F8C-AC48-2EFDBED4B873}.Release|ARM.Build.0 = Release|ARM
		{A1F9E48F-49E3-4F8C-AC48-2EFDBED4B873}.Release|x64.ActiveCfg = Release|x64
		{A1F9E48F-49E3-4F8C-AC48-2EFDBED4B873}.Release|x64.Build.0 = Release|x64
		{A1F9E48F-49E3-4F8C-AC48-2EFDBED4B873}.Release|x86.ActiveCfg = Release|Win32
		{A1F9E48F-49E3-4F8C-AC48-2EFDBED4B873}.Release|x86.Build.0 = Release|Win32
		{08CB6A04-0ACC-4C20-81CE-10417D888D1C}.Debug|ARM.ActiveCfg = Debug|ARM
		{08CB6A04-0ACC-4C20-81CE-10417D888D1C}.Debug|ARM.Build.0 = Debug|ARM
		{08CB6A04-0ACC-4C20-81CE-10417D888D1C}.Debug|x64.ActiveCfg = Debug|x64
		{08CB6A04-0ACC-4C20-81CE-10417D888D1C}.Debug|x64.Build.0 = Debug|x64
		{08CB6A04-0ACC-4C20-81CE-10417D888D1C}.Debug|x86.ActiveCfg = Debug|Win32
		{08CB6A04-0ACC-4C20-81CE-10417D888D1C}.Debug|x86.Build.0 = Debug|Win32
		{08CB6A04-0ACC-4C20-81CE-10417D888D1C}.Release|ARM.ActiveCfg = Release|ARM
		{08CB6A04-0ACC-4C20-81CE-10417D888D1C}.Release|ARM.Build.0 = Release|ARM
		{08CB6A04-0ACC-4C20-81CE-10417D888D1C}.Release|x64.ActiveCfg = Release|x64
		{08CB6A04-0ACC-4C20-81CE-10417D888D1C}.Release|x64.Build.0 = Release|x64
		{08CB6A04-0ACC-4C20-81CE-10417D888D1C}.Release|x86.ActiveCfg = Release|Win32
		{08CB6A04-0ACC-4C20-81CE-10417D888D1C}.Release|x86.Build.0 = Release|Win32
		{6E542043-C5D1-4850-B43E-E9295B640C2B}.Debug|ARM.ActiveCfg = Debug|ARM
		{6E542043-C5D1-4850-B43E-E9295B640C2B}.Debug|ARM.Build.0 = Debug|ARM
		{6E542043-C5D1-4850-B43E-E9295B640C2B}.Debug|x64.ActiveCfg = Debug|x64
		{6E542043-C5D1-4850-B43E-E9295B640C2B}.Debug|x64.Build.0 = Debug|x64
		{6E542043-C5D1-4850-B43E-E9295B640C2B}.Debug|x86.ActiveCfg = Debug|Win32
		{6E542043-C5D1-4850-B43E-E9295B640C2B}.Debug|x86.Build.0 = Debug|Win32
		{6E542043-C5D1-4850-B43E-E9295B640C2B}.Release|ARM.ActiveCfg = Release|ARM
		{6E542043-C5D1-4850-B43E-E9295B640C2B}.Release|ARM.Build.0 = Release|ARM
		{6E542043-C5D1-4850-B43E-E9295B640C2B}.Release|x64.ActiveCfg = Release|x64
		{6E542043-C5D1-4850-B43E-E9295B640C2B}.Release|x64.Build.0 = Release|x64
		{6E542043-C5D1-4850-B43E-E9295B640C2B}.Release|x86.ActiveCfg = Release|Win32
		{6E542043-C5D1-4850-B43E-E9295B640C2B}.Release|x86.Build.0 = Release|Win32
		{AA2E727F-AF3D-4A9B-A24A-E4424E179B7E}.Debug|ARM.ActiveCfg = Debug|ARM
		{AA2E727F-AF3D-4A9B-A24A-E4424E179B7E}.Debug|ARM.Build.0 = Debug|ARM
		{AA2E727F-AF3D-4A9B-A24A-E4424E179B7E}.Debug|ARM.Deploy.0 = Debug|ARM
		{AA2E727F-AF3D-4A9B-A24A-E4424E179B7E}.Debug|x64.ActiveCfg = Debug|x64
		{AA2E727F-AF3D-4A9B-A24A-E4424E179B7E}.Debug|x64.Build.0 = Debug|x64
		{AA2E727F-AF3D-4A9B-A24A-E4424E179B7E}.Debug|x64.Deploy.0 = Debug|x64
		{AA2E727F-AF3D-4A9B-A24A-E4424E179B7E}.Debug|x86.ActiveCfg = Debug|Win32
		{AA2E727F-AF3D-4A9B-A24A-E4424E179B7E}.Debug|x86.Build.0 = Debug|Win32
		{AA2E727F-AF3D-4A9B-A24A-E4424E179B7E}.Debug|x86.Deploy.0 = Debug|Win32
		{AA2E727F-AF3D-4A9B-A24A-E4424E179B7E}.Release|ARM.ActiveCfg = Release|ARM
		{AA2E727F-AF3D-4A9B-A24A-E4424E179B7E}.Release|ARM.Build.0 = Release|ARM
		{AA2E727F-AF3D-4A9B-A24A-E4424E179B7E}.Release|ARM.Deploy.0 = Release|ARM
		{AA2E727F-AF3D-4A9B-A24A-E4424E179B7E}.Release|x64.ActiveCfg = Release|x64
		{AA2E727F-AF3D-4A9B-A24A-E4424E179B7E}.Release|x64.Build.0 = Release|x64
		{AA2E727F-AF3D-4A9B-A24A-E4424E179B7E}.Release|x64.Deploy.0 = Release|x64
		{AA2E727F-AF3D-4A9B-A24A-E4424E179B7E}.Release|x86.ActiveCfg = Release|Win32
		{AA2E727F-AF3D-4A9B-A24A-E4424E179B7E}.Release|x86.Build.0 = Release|Win32
		{AA2E727F-AF3D-4A9B-A24A-E4424E179B7E}.Release|x86.Deploy.0 = Release|Win32
		{421BB462-74F2-4831-9AB7-06B77E0A98B4}.Debug|ARM.ActiveCfg = Debug|ARM
		{421BB462-74F2-4831-9AB7-06B77E0A98B4}.Debug|ARM.Build.0 = Debug|ARM
		{421BB462-74F2-4831-9AB7-06B77E0A98B4}.Debug|x64.ActiveCfg = Debug|x64
		{421BB462-74F2-4831-9AB7-06B77E0A98B4}.Debug|x64.Build.0 = Debug|x64
		{421BB462-74F2-4831-9AB7-06B77E0A98B4}.Debug|x86.ActiveCfg = Debug|Win32
		{421BB462-74F2-4831-9AB7-06B77E0A98B4}.Debug|x86.Build.0 = Debug|Win32
		{421BB462-74F2-4831-9AB7-06B77E0A98B4}.Release|ARM.ActiveCfg = Release|ARM
		{421BB462-74F2-4831-9AB7-06B77E0A98B4}.Release|ARM.Build.0 = Release|ARM
		{421BB462-74F2-4831-9AB7-06B77E0A98B4}.Release|x64.ActiveCfg = Release|x64
		{421BB462-74F2-4831-9AB7-06B77E0A98B4}.Release|x64.Build.0 = Release|x64
		{421BB462-74F2-4831-9AB7-06B77E0A98B4}.Release|x86.ActiveCfg = Release|Win32
		{421BB462-74F2-4831-9AB7-06B77E0A98B4}.Release|x86.Build.0 = Release|Win32
		{8D84A8AE-BD70-4F78-B85A-230A033FB7EC}.Debug|ARM.ActiveCfg = Debug|Win32
		{8D84A8AE-BD70-4F78-B85A-230A033FB7EC}.Debug|x64.ActiveCfg = Debug|Win32
		{8D84A8AE-BD70-4F78-B85A-230A033FB7EC}.Debug|x86.ActiveCfg = Debug|Win32
		{8D84A8AE-BD70-4F78-B85A-230A033FB7EC}.Debug|x86.Build.0 = Debug|Win32
		{8D84A8AE-BD70-4F78-B85A-230A033FB7EC}.Debug|x86.Deploy.0 = Debug|Win32
		{8D84A8AE-BD70-4F78-B85A-230A033FB7EC}.Release|ARM.ActiveCfg = Release|Win32
		{8D84A8AE-BD70-4F78-B85A-230A033FB7EC}.Release|x64.ActiveCfg = Release|Win32
		{8D84A8AE-BD70-4F78-B85A-230A033FB7EC}.Release|x86.ActiveCfg = Release|Win32
		{8D84A8AE-BD70-4F78-B85A-230A033FB7EC}.Release|x86.Build.0 = Release|Win32
		{8D84A8AE-BD70-4F78-B85A-230A033FB7EC}.Release|x86.Deploy.0 = Release|Win32
		{E71542FD-E5F3-55BC-8EBB-4FFC708277CD}.Debug|ARM.ActiveCfg = Debug|ARM
		{E71542FD-E5F3-55BC-8EBB-4FFC708277CD}.Debug|ARM.Build.0 = Debug|ARM
		{E71542FD-E5F3-55BC-8EBB-4FFC708277CD}.Debug|ARM.Deploy.0 = Debug|ARM
		{E71542FD-E5F3-55BC-8EBB-4FFC708277CD}.Debug|x64.ActiveCfg = Debug|x64
		{E71542FD-E5F3-55BC-8EBB-4FFC708277CD}.Debug|x64.Build.0 = Debug|x64
		{E71542FD-E5F3-55BC-8EBB-4FFC708277CD}.Debug|x64.Deploy.0 = Debug|x64
		{E71542FD-E5F3-55BC-8EBB-4FFC708277CD}.Debug|x86.ActiveCfg = Debug|Win32
		{E71542FD-E5F3-55BC-8EBB-4FFC708277CD}.Debug|x86.Build.0 = Debug|Win32
		{E71542FD-E5F3-55BC-8EBB-4FFC708277CD}.Debug|x86.Deploy.0 = Debug|Win32
		{E71542FD-E5F3-55BC-8EBB-4FFC708277CD}.Release|ARM.ActiveCfg = Release|ARM
		{E71542FD-E5F3-55BC-8EBB-4FFC708277CD}.Release|ARM.Build.0 = Release|ARM
		{E71542FD-E5F3-55BC-8EBB-4FFC708277CD}.Release|ARM.Deploy.0 = Release|ARM
		{E71542FD-E5F3-55BC-8EBB-4FFC708277CD}.Release|x64.ActiveCfg = Release|x64
		{E71542FD-E5F3-55BC-8EBB-4FFC708277CD}.Release|x64.Build.0 = Release|x64
		{E71542FD-E5F3-55BC-8EBB-4FFC708277CD}.Release|x64.Deploy.0 = Release|x64
		{E71542FD-E5F3-55BC-8EBB-4FFC708277CD}.Release|x86.ActiveCfg = Release|Win32
		{E71542FD-E5F3-55BC-8EBB-4FFC708277CD}.Release|x86.Build.0 = Release|Win32
		{E71542FD-E5F3-55BC-8EBB-4FFC708277CD}.Release|x86.Deploy.0 = Release|Win32
		{FAD06AC4-2A83-48B8-B8CC-34D728DDAECE}.Debug|ARM.ActiveCfg = Debug|ARM
		{FAD06AC4-2A83-48B8-B8CC-34D728DDAECE}.Debug|ARM.Build.0 = Debug|ARM
		{FAD06AC4-2A83-48B8-B8CC-34D728DDAECE}.Debug|x64.ActiveCfg = Debug|x64
		{FAD06AC4-2A83-48B8-B8CC-34D728DDAECE}.Debug|x64.Build.0 = Debug|x64
		{FAD06AC4-2A83-48B8-B8CC-34D728DDAECE}.Debug|x86.ActiveCfg = Debug|Win32
		{FAD06AC4-2A83-48B8-B8CC-34D728DDAECE}.Debug|x86.Build.0 = Debug|Win32
		{FAD06AC4-2A83-48B8-B8CC-34D728DDAECE}.Release|ARM.ActiveCfg = Release|ARM
		{FAD06AC4-2A83-48B8-B8CC-34D728DDAECE}.Release|ARM.Build.0 = Release|ARM
		{FAD06AC4-2A83-48B8-B8CC-34D728DDAECE}.Release|x64.ActiveCfg = Release|x64
		{FAD06AC4-2A83-48B8-B8CC-34D728DDAECE}.Release|x64.Build.0 = Release|x64
		{FAD06AC4-2A83-48B8-B8CC-34D728DDAECE}.Release|x86.ActiveCfg = Release|Win32
		{FAD06AC4-2A83-48B8-B8CC-34D728DDAECE}.Release|x86.Build.0 = Release|Win32
	EndGlobalSection
	GlobalSection(SolutionProperties) = preSolution
		HideSolutionNode = FALSE
	EndGlobalSection
	GlobalSection(NestedProjects) = preSolution
		{AD347424-7340-47CE-A979-2C7F2DF0EB38} = {F04365BC-D53C-42CF-AD23-32813A00816E}
		{39CD08AE-9700-49CF-8616-18C20644416F} = {F04365BC-D53C-42CF-AD23-32813A00816E}
		{208C932D-A71E-4C67-A444-0697E9A4226E} = {F04365BC-D53C-42CF-AD23-32813A00816E}
		{940A6D80-0775-4272-84C9-1585C4757071} = {F04365BC-D53C-42CF-AD23-32813A00816E}
		{CF168211-03A8-419E-840B-3E6BF6688FD9} = {BF93CF08-8CA4-42FD-85C5-1848345189D9}
		{477E0656-4A58-44B8-AACF-909E925FF21F} = {0A073483-1C56-4616-9683-2E10CAFC7349}
		{DB17360F-8412-418A-8919-250441BCC43F} = {0A073483-1C56-4616-9683-2E10CAFC7349}
		{A08C66C8-88B3-45F4-8643-27939BC248ED} = {0A073483-1C56-4616-9683-2E10CAFC7349}
		{898B7ED1-3194-463A-8B9C-D4A2460909EE} = {0A073483-1C56-4616-9683-2E10CAFC7349}
		{B6EB593C-8396-4152-BE49-5C5AFCD74603} = {0A073483-1C56-4616-9683-2E10CAFC7349}
		{75FBEFAA-5523-47E5-B8EC-6CBCCD9A26DC} = {BF93CF08-8CA4-42FD-85C5-1848345189D9}
		{A1F9E48F-49E3-4F8C-AC48-2EFDBED4B873} = {F04365BC-D53C-42CF-AD23-32813A00816E}
		{08CB6A04-0ACC-4C20-81CE-10417D888D1C} = {F04365BC-D53C-42CF-AD23-32813A00816E}
		{6E542043-C5D1-4850-B43E-E9295B640C2B} = {F04365BC-D53C-42CF-AD23-32813A00816E}
		{AA2E727F-AF3D-4A9B-A24A-E4424E179B7E} = {BF93CF08-8CA4-42FD-85C5-1848345189D9}
		{421BB462-74F2-4831-9AB7-06B77E0A98B4} = {F04365BC-D53C-42CF-AD23-32813A00816E}
		{8D84A8AE-BD70-4F78-B85A-230A033FB7EC} = {BF93CF08-8CA4-42FD-85C5-1848345189D9}
		{E71542FD-E5F3-55BC-8EBB-4FFC708277CD} = {BF93CF08-8CA4-42FD-85C5-1848345189D9}
		{FAD06AC4-2A83-48B8-B8CC-34D728DDAECE} = {BF93CF08-8CA4-42FD-85C5-1848345189D9}
	EndGlobalSection
	GlobalSection(ExtensibilityGlobals) = postSolution
		SolutionGuid = {EE810F07-1829-4665-AE5B-389FD30249CF}
	EndGlobalSection
EndGlobal
